
Microsoft Visual Studio Solution File, Format Version 12.00
# Visual Studio Version 17
VisualStudioVersion = 17.1.32421.90
MinimumVisualStudioVersion = 10.0.40219.1
Project("{8BC9CEB8-8B4A-11D0-8D11-00A0C91BC942}") = "PREZA3", "PREZA3\PREZA3.vcxproj", "{7A08997D-70F7-41E0-BD2A-881B2BB02F23}"
EndProject
Global
	GlobalSection(SolutionConfigurationPlatforms) = preSolution
		Debug|x64 = Debug|x64
		Debug|x86 = Debug|x86
		Release|x64 = Release|x64
		Release|x86 = Release|x86
	EndGlobalSection
	GlobalSection(ProjectConfigurationPlatforms) = postSolution
		{7A08997D-70F7-41E0-BD2A-881B2BB02F23}.Debug|x64.ActiveCfg = Debug|x64
		{7A08997D-70F7-41E0-BD2A-881B2BB02F23}.Debug|x64.Build.0 = Debug|x64
		{7A08997D-70F7-41E0-BD2A-881B2BB02F23}.Debug|x86.ActiveCfg = Debug|Win32
		{7A08997D-70F7-41E0-BD2A-881B2BB02F23}.Debug|x86.Build.0 = Debug|Win32
		{7A08997D-70F7-41E0-BD2A-881B2BB02F23}.Release|x64.ActiveCfg = Release|x64
		{7A08997D-70F7-41E0-BD2A-881B2BB02F23}.Release|x64.Build.0 = Release|x64
		{7A08997D-70F7-41E0-BD2A-881B2BB02F23}.Release|x86.ActiveCfg = Release|Win32
		{7A08997D-70F7-41E0-BD2A-881B2BB02F23}.Release|x86.Build.0 = Release|Win32
	EndGlobalSection
	GlobalSection(SolutionProperties) = preSolution
		HideSolutionNode = FALSE
	EndGlobalSection
	GlobalSection(ExtensibilityGlobals) = postSolution
		SolutionGuid = {3C511FFA-6961-4AEC-BE6A-E8982C527B6A}
	EndGlobalSection
EndGlobal
